// !$*UTF8*$!
{
	archiveVersion = 1;
	classes = {
	};
	objectVersion = 55;
	objects = {

/* Begin PBXBuildFile section */
		1D9E7BBB2767DF9800E0D3DA /* AppDelegate.swift in Sources */ = {isa = PBXBuildFile; fileRef = 1D9E7BBA2767DF9800E0D3DA /* AppDelegate.swift */; };
		1D9E7BBD2767DF9800E0D3DA /* SceneDelegate.swift in Sources */ = {isa = PBXBuildFile; fileRef = 1D9E7BBC2767DF9800E0D3DA /* SceneDelegate.swift */; };
		1D9E7BBF2767DF9800E0D3DA /* LoginViewController.swift in Sources */ = {isa = PBXBuildFile; fileRef = 1D9E7BBE2767DF9800E0D3DA /* LoginViewController.swift */; };
		1D9E7BC22767DF9800E0D3DA /* Main.storyboard in Resources */ = {isa = PBXBuildFile; fileRef = 1D9E7BC02767DF9800E0D3DA /* Main.storyboard */; };
		1D9E7BC42767DF9900E0D3DA /* Assets.xcassets in Resources */ = {isa = PBXBuildFile; fileRef = 1D9E7BC32767DF9900E0D3DA /* Assets.xcassets */; };
		1D9E7BC72767DF9900E0D3DA /* LaunchScreen.storyboard in Resources */ = {isa = PBXBuildFile; fileRef = 1D9E7BC52767DF9900E0D3DA /* LaunchScreen.storyboard */; };
		1D9E7BCF276801A100E0D3DA /* WelcomeViewController.swift in Sources */ = {isa = PBXBuildFile; fileRef = 1D9E7BCE276801A100E0D3DA /* WelcomeViewController.swift */; };
		1D9E7BD3276BF36800E0D3DA /* UserViewController.swift in Sources */ = {isa = PBXBuildFile; fileRef = 1D9E7BD2276BF36800E0D3DA /* UserViewController.swift */; };
		1D9E7BD5276D3A2A00E0D3DA /* Model.swift in Sources */ = {isa = PBXBuildFile; fileRef = 1D9E7BD4276D3A2A00E0D3DA /* Model.swift */; };
		1D9E7BD7276E4E2400E0D3DA /* NameViewController.swift in Sources */ = {isa = PBXBuildFile; fileRef = 1D9E7BD6276E4E2400E0D3DA /* NameViewController.swift */; };
/* End PBXBuildFile section */

/* Begin PBXFileReference section */
		1D9E7BB72767DF9800E0D3DA /* HW 3.app */ = {isa = PBXFileReference; explicitFileType = wrapper.application; includeInIndex = 0; path = "HW 3.app"; sourceTree = BUILT_PRODUCTS_DIR; };
		1D9E7BBA2767DF9800E0D3DA /* AppDelegate.swift */ = {isa = PBXFileReference; lastKnownFileType = sourcecode.swift; path = AppDelegate.swift; sourceTree = "<group>"; };
		1D9E7BBC2767DF9800E0D3DA /* SceneDelegate.swift */ = {isa = PBXFileReference; lastKnownFileType = sourcecode.swift; path = SceneDelegate.swift; sourceTree = "<group>"; };
		1D9E7BBE2767DF9800E0D3DA /* LoginViewController.swift */ = {isa = PBXFileReference; lastKnownFileType = sourcecode.swift; path = LoginViewController.swift; sourceTree = "<group>"; };
		1D9E7BC12767DF9800E0D3DA /* Base */ = {isa = PBXFileReference; lastKnownFileType = file.storyboard; name = Base; path = Base.lproj/Main.storyboard; sourceTree = "<group>"; };
		1D9E7BC32767DF9900E0D3DA /* Assets.xcassets */ = {isa = PBXFileReference; lastKnownFileType = folder.assetcatalog; path = Assets.xcassets; sourceTree = "<group>"; };
		1D9E7BC62767DF9900E0D3DA /* Base */ = {isa = PBXFileReference; lastKnownFileType = file.storyboard; name = Base; path = Base.lproj/LaunchScreen.storyboard; sourceTree = "<group>"; };
		1D9E7BC82767DF9900E0D3DA /* Info.plist */ = {isa = PBXFileReference; lastKnownFileType = text.plist.xml; path = Info.plist; sourceTree = "<group>"; };
		1D9E7BCE276801A100E0D3DA /* WelcomeViewController.swift */ = {isa = PBXFileReference; lastKnownFileType = sourcecode.swift; path = WelcomeViewController.swift; sourceTree = "<group>"; };
		1D9E7BD2276BF36800E0D3DA /* UserViewController.swift */ = {isa = PBXFileReference; lastKnownFileType = sourcecode.swift; path = UserViewController.swift; sourceTree = "<group>"; };
		1D9E7BD4276D3A2A00E0D3DA /* Model.swift */ = {isa = PBXFileReference; lastKnownFileType = sourcecode.swift; path = Model.swift; sourceTree = "<group>"; };
		1D9E7BD6276E4E2400E0D3DA /* NameViewController.swift */ = {isa = PBXFileReference; lastKnownFileType = sourcecode.swift; path = NameViewController.swift; sourceTree = "<group>"; };
/* End PBXFileReference section */

/* Begin PBXFrameworksBuildPhase section */
		1D9E7BB42767DF9800E0D3DA /* Frameworks */ = {
			isa = PBXFrameworksBuildPhase;
			buildActionMask = 2147483647;
			files = (
			);
			runOnlyForDeploymentPostprocessing = 0;
		};
/* End PBXFrameworksBuildPhase section */

/* Begin PBXGroup section */
		1D9E7BAE2767DF9800E0D3DA = {
			isa = PBXGroup;
			children = (
				1D9E7BB92767DF9800E0D3DA /* HW 3 */,
				1D9E7BB82767DF9800E0D3DA /* Products */,
			);
			sourceTree = "<group>";
		};
		1D9E7BB82767DF9800E0D3DA /* Products */ = {
			isa = PBXGroup;
			children = (
				1D9E7BB72767DF9800E0D3DA /* HW 3.app */,
			);
			name = Products;
			sourceTree = "<group>";
		};
		1D9E7BB92767DF9800E0D3DA /* HW 3 */ = {
			isa = PBXGroup;
			children = (
				1D9E7BBA2767DF9800E0D3DA /* AppDelegate.swift */,
				1D9E7BBC2767DF9800E0D3DA /* SceneDelegate.swift */,
				1D9E7BD4276D3A2A00E0D3DA /* Model.swift */,
				1D9E7BBE2767DF9800E0D3DA /* LoginViewController.swift */,
				1D9E7BCE276801A100E0D3DA /* WelcomeViewController.swift */,
				1D9E7BD2276BF36800E0D3DA /* UserViewController.swift */,
				1D9E7BD6276E4E2400E0D3DA /* NameViewController.swift */,
				1D9E7BC02767DF9800E0D3DA /* Main.storyboard */,
				1D9E7BC32767DF9900E0D3DA /* Assets.xcassets */,
				1D9E7BC52767DF9900E0D3DA /* LaunchScreen.storyboard */,
				1D9E7BC82767DF9900E0D3DA /* Info.plist */,
			);
			path = "HW 3";
			sourceTree = "<group>";
		};
/* End PBXGroup section */

/* Begin PBXNativeTarget section */
		1D9E7BB62767DF9800E0D3DA /* HW 3 */ = {
			isa = PBXNativeTarget;
			buildConfigurationList = 1D9E7BCB2767DF9900E0D3DA /* Build configuration list for PBXNativeTarget "HW 3" */;
			buildPhases = (
				1D9E7BB32767DF9800E0D3DA /* Sources */,
				1D9E7BB42767DF9800E0D3DA /* Frameworks */,
				1D9E7BB52767DF9800E0D3DA /* Resources */,
			);
			buildRules = (
			);
			dependencies = (
			);
			name = "HW 3";
			productName = "HW 3";
			productReference = 1D9E7BB72767DF9800E0D3DA /* HW 3.app */;
			productType = "com.apple.product-type.application";
		};
/* End PBXNativeTarget section */

/* Begin PBXProject section */
		1D9E7BAF2767DF9800E0D3DA /* Project object */ = {
			isa = PBXProject;
			attributes = {
				BuildIndependentTargetsInParallel = 1;
				LastSwiftUpdateCheck = 1310;
				LastUpgradeCheck = 1310;
				TargetAttributes = {
					1D9E7BB62767DF9800E0D3DA = {
						CreatedOnToolsVersion = 13.1;
					};
				};
			};
			buildConfigurationList = 1D9E7BB22767DF9800E0D3DA /* Build configuration list for PBXProject "HW 3" */;
			compatibilityVersion = "Xcode 13.0";
			developmentRegion = en;
			hasScannedForEncodings = 0;
			knownRegions = (
				en,
				Base,
			);
			mainGroup = 1D9E7BAE2767DF9800E0D3DA;
			productRefGroup = 1D9E7BB82767DF9800E0D3DA /* Products */;
			projectDirPath = "";
			projectRoot = "";
			targets = (
				1D9E7BB62767DF9800E0D3DA /* HW 3 */,
			);
		};
/* End PBXProject section */

/* Begin PBXResourcesBuildPhase section */
		1D9E7BB52767DF9800E0D3DA /* Resources */ = {
			isa = PBXResourcesBuildPhase;
			buildActionMask = 2147483647;
			files = (
				1D9E7BC72767DF9900E0D3DA /* LaunchScreen.storyboard in Resources */,
				1D9E7BC42767DF9900E0D3DA /* Assets.xcassets in Resources */,
				1D9E7BC22767DF9800E0D3DA /* Main.storyboard in Resources */,
			);
			runOnlyForDeploymentPostprocessing = 0;
		};
/* End PBXResourcesBuildPhase section */

/* Begin PBXSourcesBuildPhase section */
		1D9E7BB32767DF9800E0D3DA /* Sources */ = {
			isa = PBXSourcesBuildPhase;
			buildActionMask = 2147483647;
			files = (
				1D9E7BBF2767DF9800E0D3DA /* LoginViewController.swift in Sources */,
				1D9E7BD5276D3A2A00E0D3DA /* Model.swift in Sources */,
				1D9E7BD3276BF36800E0D3DA /* UserViewController.swift in Sources */,
				1D9E7BCF276801A100E0D3DA /* WelcomeViewController.swift in Sources */,
				1D9E7BD7276E4E2400E0D3DA /* NameViewController.swift in Sources */,
				1D9E7BBB2767DF9800E0D3DA /* AppDelegate.swift in Sources */,
				1D9E7BBD2767DF9800E0D3DA /* SceneDelegate.swift in Sources */,
			);
			runOnlyForDeploymentPostprocessing = 0;
		};
/* End PBXSourcesBuildPhase section */

/* Begin PBXVariantGroup section */
		1D9E7BC02767DF9800E0D3DA /* Main.storyboard */ = {
			isa = PBXVariantGroup;
			children = (
				1D9E7BC12767DF9800E0D3DA /* Base */,
			);
			name = Main.storyboard;
			sourceTree = "<group>";
		};
		1D9E7BC52767DF9900E0D3DA /* LaunchScreen.storyboard */ = {
			isa = PBXVariantGroup;
			children = (
				1D9E7BC62767DF9900E0D3DA /* Base */,
			);
			name = LaunchScreen.storyboard;
			sourceTree = "<group>";
		};
/* End PBXVariantGroup section */

/* Begin XCBuildConfiguration section */
		1D9E7BC92767DF9900E0D3DA /* Debug */ = {
			isa = XCBuildConfiguration;
			buildSettings = {
				ALWAYS_SEARCH_USER_PATHS = NO;
				CLANG_ANALYZER_NONNULL = YES;
				CLANG_ANALYZER_NUMBER_OBJECT_CONVERSION = YES_AGGRESSIVE;
				CLANG_CXX_LANGUAGE_STANDARD = "gnu++17";
				CLANG_CXX_LIBRARY = "libc++";
				CLANG_ENABLE_MODULES = YES;
				CLANG_ENABLE_OBJC_ARC = YES;
				CLANG_ENABLE_OBJC_WEAK = YES;
				CLANG_WARN_BLOCK_CAPTURE_AUTORELEASING = YES;
				CLANG_WARN_BOOL_CONVERSION = YES;
				CLANG_WARN_COMMA = YES;
				CLANG_WARN_CONSTANT_CONVERSION = YES;
				CLANG_WARN_DEPRECATED_OBJC_IMPLEMENTATIONS = YES;
				CLANG_WARN_DIRECT_OBJC_ISA_USAGE = YES_ERROR;
				CLANG_WARN_DOCUMENTATION_COMMENTS = YES;
				CLANG_WARN_EMPTY_BODY = YES;
				CLANG_WARN_ENUM_CONVERSION = YES;
				CLANG_WARN_INFINITE_RECURSION = YES;
				CLANG_WARN_INT_CONVERSION = YES;
				CLANG_WARN_NON_LITERAL_NULL_CONVERSION = YES;
				CLANG_WARN_OBJC_IMPLICIT_RETAIN_SELF = YES;
				CLANG_WARN_OBJC_LITERAL_CONVERSION = YES;
				CLANG_WARN_OBJC_ROOT_CLASS = YES_ERROR;
				CLANG_WARN_QUOTED_INCLUDE_IN_FRAMEWORK_HEADER = YES;
				CLANG_WARN_RANGE_LOOP_ANALYSIS = YES;
				CLANG_WARN_STRICT_PROTOTYPES = YES;
				CLANG_WARN_SUSPICIOUS_MOVE = YES;
				CLANG_WARN_UNGUARDED_AVAILABILITY = YES_AGGRESSIVE;
				CLANG_WARN_UNREACHABLE_CODE = YES;
				CLANG_WARN__DUPLICATE_METHOD_MATCH = YES;
				COPY_PHASE_STRIP = NO;
				DEBUG_INFORMATION_FORMAT = dwarf;
				ENABLE_STRICT_OBJC_MSGSEND = YES;
				ENABLE_TESTABILITY = YES;
				GCC_C_LANGUAGE_STANDARD = gnu11;
				GCC_DYNAMIC_NO_PIC = NO;
				GCC_NO_COMMON_BLOCKS = YES;
				GCC_OPTIMIZATION_LEVEL = 0;
				GCC_PREPROCESSOR_DEFINITIONS = (
					"DEBUG=1",
					"$(inherited)",
				);
				GCC_WARN_64_TO_32_BIT_CONVERSION = YES;
				GCC_WARN_ABOUT_RETURN_TYPE = YES_ERROR;
				GCC_WARN_UNDECLARED_SELECTOR = YES;
				GCC_WARN_UNINITIALIZED_AUTOS = YES_AGGRESSIVE;
				GCC_WARN_UNUSED_FUNCTION = YES;
				GCC_WARN_UNUSED_VARIABLE = YES;
				IPHONEOS_DEPLOYMENT_TARGET = 15.0;
				MTL_ENABLE_DEBUG_INFO = INCLUDE_SOURCE;
				MTL_FAST_MATH = YES;
				ONLY_ACTIVE_ARCH = YES;
				SDKROOT = iphoneos;
				SWIFT_ACTIVE_COMPILATION_CONDITIONS = DEBUG;
				SWIFT_OPTIMIZATION_LEVEL = "-Onone";
			};
			name = Debug;
		};
		1D9E7BCA2767DF9900E0D3DA /* Release */ = {
			isa = XCBuildConfiguration;
			buildSettings = {
				ALWAYS_SEARCH_USER_PATHS = NO;
				CLANG_ANALYZER_NONNULL = YES;
				CLANG_ANALYZER_NUMBER_OBJECT_CONVERSION = YES_AGGRESSIVE;
				CLANG_CXX_LANGUAGE_STANDARD = "gnu++17";
				CLANG_CXX_LIBRARY = "libc++";
				CLANG_ENABLE_MODULES = YES;
				CLANG_ENABLE_OBJC_ARC = YES;
				CLANG_ENABLE_OBJC_WEAK = YES;
				CLANG_WARN_BLOCK_CAPTURE_AUTORELEASING = YES;
				CLANG_WARN_BOOL_CONVERSION = YES;
				CLANG_WARN_COMMA = YES;
				CLANG_WARN_CONSTANT_CONVERSION = YES;
				CLANG_WARN_DEPRECATED_OBJC_IMPLEMENTATIONS = YES;
				CLANG_WARN_DIRECT_OBJC_ISA_USAGE = YES_ERROR;
				CLANG_WARN_DOCUMENTATION_COMMENTS = YES;
				CLANG_WARN_EMPTY_BODY = YES;
				CLANG_WARN_ENUM_CONVERSION = YES;
				CLANG_WARN_INFINITE_RECURSION = YES;
				CLANG_WARN_INT_CONVERSION = YES;
				CLANG_WARN_NON_LITERAL_NULL_CONVERSION = YES;
				CLANG_WARN_OBJC_IMPLICIT_RETAIN_SELF = YES;
				CLANG_WARN_OBJC_LITERAL_CONVERSION = YES;
				CLANG_WARN_OBJC_ROOT_CLASS = YES_ERROR;
				CLANG_WARN_QUOTED_INCLUDE_IN_FRAMEWORK_HEADER = YES;
				CLANG_WARN_RANGE_LOOP_ANALYSIS = YES;
				CLANG_WARN_STRICT_PROTOTYPES = YES;
				CLANG_WARN_SUSPICIOUS_MOVE = YES;
				CLANG_WARN_UNGUARDED_AVAILABILITY = YES_AGGRESSIVE;
				CLANG_WARN_UNREACHABLE_CODE = YES;
				CLANG_WARN__DUPLICATE_METHOD_MATCH = YES;
				COPY_PHASE_STRIP = NO;
				DEBUG_INFORMATION_FORMAT = "dwarf-with-dsym";
				ENABLE_NS_ASSERTIONS = NO;
				ENABLE_STRICT_OBJC_MSGSEND = YES;
				GCC_C_LANGUAGE_STANDARD = gnu11;
				GCC_NO_COMMON_BLOCKS = YES;
				GCC_WARN_64_TO_32_BIT_CONVERSION = YES;
				GCC_WARN_ABOUT_RETURN_TYPE = YES_ERROR;
				GCC_WARN_UNDECLARED_SELECTOR = YES;
				GCC_WARN_UNINITIALIZED_AUTOS = YES_AGGRESSIVE;
				GCC_WARN_UNUSED_FUNCTION = YES;
				GCC_WARN_UNUSED_VARIABLE = YES;
				IPHONEOS_DEPLOYMENT_TARGET = 15.0;
				MTL_ENABLE_DEBUG_INFO = NO;
				MTL_FAST_MATH = YES;
				SDKROOT = iphoneos;
				SWIFT_COMPILATION_MODE = wholemodule;
				SWIFT_OPTIMIZATION_LEVEL = "-O";
				VALIDATE_PRODUCT = YES;
			};
			name = Release;
		};
		1D9E7BCC2767DF9900E0D3DA /* Debug */ = {
			isa = XCBuildConfiguration;
			buildSettings = {
				ASSETCATALOG_COMPILER_APPICON_NAME = AppIcon;
				ASSETCATALOG_COMPILER_GLOBAL_ACCENT_COLOR_NAME = AccentColor;
				CODE_SIGN_STYLE = Automatic;
				CURRENT_PROJECT_VERSION = 1;
				DEVELOPMENT_TEAM = M2NMN228J3;
				GENERATE_INFOPLIST_FILE = YES;
				INFOPLIST_FILE = "HW 3/Info.plist";
				INFOPLIST_KEY_UIApplicationSupportsIndirectInputEvents = YES;
				INFOPLIST_KEY_UILaunchStoryboardName = LaunchScreen;
				INFOPLIST_KEY_UIMainStoryboardFile = Main;
				INFOPLIST_KEY_UISupportedInterfaceOrientations_iPad = "UIInterfaceOrientationPortrait UIInterfaceOrientationPortraitUpsideDown UIInterfaceOrientationLandscapeLeft UIInterfaceOrientationLandscapeRight";
				INFOPLIST_KEY_UISupportedInterfaceOrientations_iPhone = "UIInterfaceOrientationPortrait UIInterfaceOrientationLandscapeLeft UIInterfaceOrientationLandscapeRight";
				LD_RUNPATH_SEARCH_PATHS = (
					"$(inherited)",
					"@executable_path/Frameworks",
				);
				MARKETING_VERSION = 1.0;
				PRODUCT_BUNDLE_IDENTIFIER = "ivanAdoniev.HW-3";
				PRODUCT_NAME = "$(TARGET_NAME)";
				SWIFT_EMIT_LOC_STRINGS = YES;
				SWIFT_VERSION = 5.0;
				TARGETED_DEVICE_FAMILY = "1,2";
			};
			name = Debug;
		};
		1D9E7BCD2767DF9900E0D3DA /* Release */ = {
			isa = XCBuildConfiguration;
			buildSettings = {
				ASSETCATALOG_COMPILER_APPICON_NAME = AppIcon;
				ASSETCATALOG_COMPILER_GLOBAL_ACCENT_COLOR_NAME = AccentColor;
				CODE_SIGN_STYLE = Automatic;
				CURRENT_PROJECT_VERSION = 1;
				DEVELOPMENT_TEAM = M2NMN228J3;
				GENERATE_INFOPLIST_FILE = YES;
				INFOPLIST_FILE = "HW 3/Info.plist";
				INFOPLIST_KEY_UIApplicationSupportsIndirectInputEvents = YES;
				INFOPLIST_KEY_UILaunchStoryboardName = LaunchScreen;
				INFOPLIST_KEY_UIMainStoryboardFile = Main;
				INFOPLIST_KEY_UISupportedInterfaceOrientations_iPad = "UIInterfaceOrientationPortrait UIInterfaceOrientationPortraitUpsideDown UIInterfaceOrientationLandscapeLeft UIInterfaceOrientationLandscapeRight";
				INFOPLIST_KEY_UISupportedInterfaceOrientations_iPhone = "UIInterfaceOrientationPortrait UIInterfaceOrientationLandscapeLeft UIInterfaceOrientationLandscapeRight";
				LD_RUNPATH_SEARCH_PATHS = (
					"$(inherited)",
					"@executable_path/Frameworks",
				);
				MARKETING_VERSION = 1.0;
				PRODUCT_BUNDLE_IDENTIFIER = "ivanAdoniev.HW-3";
				PRODUCT_NAME = "$(TARGET_NAME)";
				SWIFT_EMIT_LOC_STRINGS = YES;
				SWIFT_VERSION = 5.0;
				TARGETED_DEVICE_FAMILY = "1,2";
			};
			name = Release;
		};
/* End XCBuildConfiguration section */

/* Begin XCConfigurationList section */
		1D9E7BB22767DF9800E0D3DA /* Build configuration list for PBXProject "HW 3" */ = {
			isa = XCConfigurationList;
			buildConfigurations = (
				1D9E7BC92767DF9900E0D3DA /* Debug */,
				1D9E7BCA2767DF9900E0D3DA /* Release */,
			);
			defaultConfigurationIsVisible = 0;
			defaultConfigurationName = Release;
		};
		1D9E7BCB2767DF9900E0D3DA /* Build configuration list for PBXNativeTarget "HW 3" */ = {
			isa = XCConfigurationList;
			buildConfigurations = (
				1D9E7BCC2767DF9900E0D3DA /* Debug */,
				1D9E7BCD2767DF9900E0D3DA /* Release */,
			);
			defaultConfigurationIsVisible = 0;
			defaultConfigurationName = Release;
		};
/* End XCConfigurationList section */
	};
	rootObject = 1D9E7BAF2767DF9800E0D3DA /* Project object */;
}
